
Microsoft Visual Studio Solution File, Format Version 12.00
# Visual Studio Version 16
VisualStudioVersion = 16.0.31005.135
MinimumVisualStudioVersion = 10.0.40219.1
Project("{FAE04EC0-301F-11D3-BF4B-00C04F79EFBC}") = "PlanetsWebApi", "PlanetsWebApi\PlanetsWebApi.csproj", "{90F52B4F-DB7B-4D32-A85B-626626202124}"
EndProject
Global
	GlobalSection(SolutionConfigurationPlatforms) = preSolution
		Debug|Any CPU = Debug|Any CPU
		Release|Any CPU = Release|Any CPU
	EndGlobalSection
	GlobalSection(ProjectConfigurationPlatforms) = postSolution
		{90F52B4F-DB7B-4D32-A85B-626626202124}.Debug|Any CPU.ActiveCfg = Debug|Any CPU
		{90F52B4F-DB7B-4D32-A85B-626626202124}.Debug|Any CPU.Build.0 = Debug|Any CPU
		{90F52B4F-DB7B-4D32-A85B-626626202124}.Release|Any CPU.ActiveCfg = Release|Any CPU
		{90F52B4F-DB7B-4D32-A85B-626626202124}.Release|Any CPU.Build.0 = Release|Any CPU
	EndGlobalSection
	GlobalSection(SolutionProperties) = preSolution
		HideSolutionNode = FALSE
	EndGlobalSection
	GlobalSection(ExtensibilityGlobals) = postSolution
		SolutionGuid = {B2388CA3-B765-4C6E-A825-B5B05BBC5574}
	EndGlobalSection
EndGlobal
